dependencies:
- name: mongodb
  repository: https://kubernetes-charts.storage.googleapis.com
  version: 0.4.18
- name: redis
  repository: https://kubernetes-charts.storage.googleapis.com
  version: 1.0.2
digest: sha256:adca65b33934cafd48db7587818b65bb0f32c82b3a2ea3bc2516b2650979e298
generated: 2017-11-20T04:14:19.958278394+03:00
